PODS:
  - AGAsyncTestHelper (1.0):
    - AGAsyncTestHelper/Core (= 1.0)
  - AGAsyncTestHelper/Core (1.0)
  - Masonry (0.6.2)
  - ObjectiveGumbo (0.1)
  - OCHamcrest (3.0.1)
  - OCMock (2.2.3)

DEPENDENCIES:
  - AGAsyncTestHelper (~> 1.0)
  - Masonry (~> 0.4)
  - ObjectiveGumbo (~> 0.1)
  - OCHamcrest (~> 3.0)
  - OCMock (~> 2.2.2)

SPEC CHECKSUMS:
  AGAsyncTestHelper: 8bcc5f789bd2a8581c3eb58038158ce71f9f0640
  Masonry: 362e8a1cc0beada4a4c4832d5e863da2a51533be
  ObjectiveGumbo: 0704c4930688132abb3d5df2000334f30504856f
  OCHamcrest: e19857683e4eefab64b878668eac04c2f4567118
  OCMock: d2a4f33dcdd80da8af651eda9a598646c9bcc0b5

COCOAPODS: 0.37.1
