PODS:
  - Masonry (0.4.0)
  - ObjectiveGumbo (0.1)
  - OCHamcrest (3.0.1)
  - OCMock (2.2.3)

DEPENDENCIES:
  - Masonry (~> 0.4)
  - ObjectiveGumbo (~> 0.1)
  - OCHamcrest (~> 3.0)
  - OCMock (~> 2.2.2)

SPEC CHECKSUMS:
  Masonry: d673617c9cbc24aaea90fba20b10e47fd9970a39
  ObjectiveGumbo: 76576087e8b3d6e00f4fd4dee7b13e11b1da68e9
  OCHamcrest: 782c52ae8c673e5d6060a65005cfd26d20d519ba
  OCMock: 74e4ddbcef134170dcc844f91c691f13868075d7

COCOAPODS: 0.29.0
