// !$*UTF8*$!
{
	archiveVersion = 1;
	classes = {
	};
	objectVersion = 46;
	objects = {

/* Begin PBXBuildFile section */
		0CDEA90459E7449CB8338392 /* libPods-LJSYourNextBusTests.a in Frameworks */ = {isa = PBXBuildFile; fileRef = 7FD060CB0EF341FBA8373B81 /* libPods-LJSYourNextBusTests.a */; };
		7F40B5EFFAFF41E7BF60A60B /* libPods-LJSYourNextBus.a in Frameworks */ = {isa = PBXBuildFile; fileRef = 8DD8126FA3B54D25AE88E27F /* libPods-LJSYourNextBus.a */; };
		A31CBF5F189988D000747F46 /* Foundation.framework in Frameworks */ = {isa = PBXBuildFile; fileRef = A31CBF5E189988D000747F46 /* Foundation.framework */; };
		A31CBF61189988D000747F46 /* CoreGraphics.framework in Frameworks */ = {isa = PBXBuildFile; fileRef = A31CBF60189988D000747F46 /* CoreGraphics.framework */; };
		A31CBF63189988D000747F46 /* UIKit.framework in Frameworks */ = {isa = PBXBuildFile; fileRef = A31CBF62189988D000747F46 /* UIKit.framework */; };
		A31CBF69189988D000747F46 /* InfoPlist.strings in Resources */ = {isa = PBXBuildFile; fileRef = A31CBF67189988D000747F46 /* InfoPlist.strings */; };
		A31CBF6B189988D000747F46 /* main.m in Sources */ = {isa = PBXBuildFile; fileRef = A31CBF6A189988D000747F46 /* main.m */; };
		A31CBF6F189988D000747F46 /* LJSAppDelegate.m in Sources */ = {isa = PBXBuildFile; fileRef = A31CBF6E189988D000747F46 /* LJSAppDelegate.m */; };
		A31CBF72189988D000747F46 /* Main_iPhone.storyboard in Resources */ = {isa = PBXBuildFile; fileRef = A31CBF70189988D000747F46 /* Main_iPhone.storyboard */; };
		A31CBF75189988D000747F46 /* Main_iPad.storyboard in Resources */ = {isa = PBXBuildFile; fileRef = A31CBF73189988D000747F46 /* Main_iPad.storyboard */; };
		A31CBF78189988D000747F46 /* LJSViewController.m in Sources */ = {isa = PBXBuildFile; fileRef = A31CBF77189988D000747F46 /* LJSViewController.m */; };
		A31CBF7A189988D000747F46 /* Images.xcassets in Resources */ = {isa = PBXBuildFile; fileRef = A31CBF79189988D000747F46 /* Images.xcassets */; };
		A31CBF81189988D000747F46 /* XCTest.framework in Frameworks */ = {isa = PBXBuildFile; fileRef = A31CBF80189988D000747F46 /* XCTest.framework */; };
		A31CBF82189988D000747F46 /* Foundation.framework in Frameworks */ = {isa = PBXBuildFile; fileRef = A31CBF5E189988D000747F46 /* Foundation.framework */; };
		A31CBF83189988D000747F46 /* UIKit.framework in Frameworks */ = {isa = PBXBuildFile; fileRef = A31CBF62189988D000747F46 /* UIKit.framework */; };
		A31CBF8B189988D000747F46 /* InfoPlist.strings in Resources */ = {isa = PBXBuildFile; fileRef = A31CBF89189988D000747F46 /* InfoPlist.strings */; };
		A337FDA518C24F4B002FB29F /* LJSDepatureDateParser.m in Sources */ = {isa = PBXBuildFile; fileRef = A337FDA418C24F4B002FB29F /* LJSDepatureDateParser.m */; };
		A337FDA718C3A1BE002FB29F /* LJSDepatureDateParserTests.m in Sources */ = {isa = PBXBuildFile; fileRef = A337FDA618C3A1BE002FB29F /* LJSDepatureDateParserTests.m */; };
		A337FDA918C3BD05002FB29F /* LJSServiceTests.m in Sources */ = {isa = PBXBuildFile; fileRef = A337FDA818C3BD05002FB29F /* LJSServiceTests.m */; };
		A337FDAB18C3C7C1002FB29F /* LJSDepatureTests.m in Sources */ = {isa = PBXBuildFile; fileRef = A337FDAA18C3C7C1002FB29F /* LJSDepatureTests.m */; };
		A34A1951189EB768002EEF2B /* LJSYourNextBusTests.m in Sources */ = {isa = PBXBuildFile; fileRef = A34A1950189EB768002EEF2B /* LJSYourNextBusTests.m */; };
		A34A1957189EBF86002EEF2B /* 37010071.html in Resources */ = {isa = PBXBuildFile; fileRef = A34A1956189EBF86002EEF2B /* 37010071.html */; };
		A34B1C1918CE49F800184A12 /* 37010115.html in Resources */ = {isa = PBXBuildFile; fileRef = A34B1C1818CE49F800184A12 /* 37010115.html */; };
		A3BD275F189EF72200540C5F /* LJSDepature.m in Sources */ = {isa = PBXBuildFile; fileRef = A3BD2754189EF72200540C5F /* LJSDepature.m */; };
		A3BD2760189EF72200540C5F /* LJSHTMLDownloader.m in Sources */ = {isa = PBXBuildFile; fileRef = A3BD2756189EF72200540C5F /* LJSHTMLDownloader.m */; };
		A3BD2761189EF72200540C5F /* LJSYourNextBusClient.m in Sources */ = {isa = PBXBuildFile; fileRef = A3BD2758189EF72200540C5F /* LJSYourNextBusClient.m */; };
		A3BD2762189EF72200540C5F /* LJSScraper.m in Sources */ = {isa = PBXBuildFile; fileRef = A3BD275A189EF72200540C5F /* LJSScraper.m */; };
		A3BD2763189EF72200540C5F /* LJSService.m in Sources */ = {isa = PBXBuildFile; fileRef = A3BD275C189EF72200540C5F /* LJSService.m */; };
		A3BD2764189EF72200540C5F /* LJSStop.m in Sources */ = {isa = PBXBuildFile; fileRef = A3BD275E189EF72200540C5F /* LJSStop.m */; };
		A3BD2770189FF46500540C5F /* LJSStopTests.m in Sources */ = {isa = PBXBuildFile; fileRef = A3BD276F189FF46500540C5F /* LJSStopTests.m */; };
/* End PBXBuildFile section */

/* Begin PBXContainerItemProxy section */
		A31CBF84189988D000747F46 /* PBXContainerItemProxy */ = {
			isa = PBXContainerItemProxy;
			containerPortal = A31CBF53189988D000747F46 /* Project object */;
			proxyType = 1;
			remoteGlobalIDString = A31CBF5A189988D000747F46;
			remoteInfo = LJSYourNextBus;
		};
/* End PBXContainerItemProxy section */

/* Begin PBXFileReference section */
		7FD060CB0EF341FBA8373B81 /* libPods-LJSYourNextBusTests.a */ = {isa = PBXFileReference; explicitFileType = archive.ar; includeInIndex = 0; path = "libPods-LJSYourNextBusTests.a"; sourceTree = BUILT_PRODUCTS_DIR; };
		8DD8126FA3B54D25AE88E27F /* libPods-LJSYourNextBus.a */ = {isa = PBXFileReference; explicitFileType = archive.ar; includeInIndex = 0; path = "libPods-LJSYourNextBus.a"; sourceTree = BUILT_PRODUCTS_DIR; };
		9D3C9105FFD54543B20B4913 /* Pods-LJSYourNextBus.xcconfig */ = {isa = PBXFileReference; includeInIndex = 1; lastKnownFileType = text.xcconfig; name = "Pods-LJSYourNextBus.xcconfig"; path = "Pods/Pods-LJSYourNextBus.xcconfig"; sourceTree = "<group>"; };
		A31CBF5B189988D000747F46 /* LJSYourNextBus.app */ = {isa = PBXFileReference; explicitFileType = wrapper.application; includeInIndex = 0; path = LJSYourNextBus.app; sourceTree = BUILT_PRODUCTS_DIR; };
		A31CBF5E189988D000747F46 /* Foundation.framework */ = {isa = PBXFileReference; lastKnownFileType = wrapper.framework; name = Foundation.framework; path = System/Library/Frameworks/Foundation.framework; sourceTree = SDKROOT; };
		A31CBF60189988D000747F46 /* CoreGraphics.framework */ = {isa = PBXFileReference; lastKnownFileType = wrapper.framework; name = CoreGraphics.framework; path = System/Library/Frameworks/CoreGraphics.framework; sourceTree = SDKROOT; };
		A31CBF62189988D000747F46 /* UIKit.framework */ = {isa = PBXFileReference; lastKnownFileType = wrapper.framework; name = UIKit.framework; path = System/Library/Frameworks/UIKit.framework; sourceTree = SDKROOT; };
		A31CBF66189988D000747F46 /* LJSYourNextBus-Info.plist */ = {isa = PBXFileReference; lastKnownFileType = text.plist.xml; path = "LJSYourNextBus-Info.plist"; sourceTree = "<group>"; };
		A31CBF68189988D000747F46 /* en */ = {isa = PBXFileReference; lastKnownFileType = text.plist.strings; name = en; path = en.lproj/InfoPlist.strings; sourceTree = "<group>"; };
		A31CBF6A189988D000747F46 /* main.m */ = {isa = PBXFileReference; lastKnownFileType = sourcecode.c.objc; path = main.m; sourceTree = "<group>"; };
		A31CBF6D189988D000747F46 /* LJSAppDelegate.h */ = {isa = PBXFileReference; lastKnownFileType = sourcecode.c.h; path = LJSAppDelegate.h; sourceTree = "<group>"; };
		A31CBF6E189988D000747F46 /* LJSAppDelegate.m */ = {isa = PBXFileReference; lastKnownFileType = sourcecode.c.objc; path = LJSAppDelegate.m; sourceTree = "<group>"; };
		A31CBF71189988D000747F46 /* Base */ = {isa = PBXFileReference; lastKnownFileType = file.storyboard; name = Base; path = Base.lproj/Main_iPhone.storyboard; sourceTree = "<group>"; };
		A31CBF74189988D000747F46 /* Base */ = {isa = PBXFileReference; lastKnownFileType = file.storyboard; name = Base; path = Base.lproj/Main_iPad.storyboard; sourceTree = "<group>"; };
		A31CBF76189988D000747F46 /* LJSViewController.h */ = {isa = PBXFileReference; lastKnownFileType = sourcecode.c.h; path = LJSViewController.h; sourceTree = "<group>"; };
		A31CBF77189988D000747F46 /* LJSViewController.m */ = {isa = PBXFileReference; lastKnownFileType = sourcecode.c.objc; path = LJSViewController.m; sourceTree = "<group>"; };
		A31CBF79189988D000747F46 /* Images.xcassets */ = {isa = PBXFileReference; lastKnownFileType = folder.assetcatalog; path = Images.xcassets; sourceTree = "<group>"; };
		A31CBF7F189988D000747F46 /* LJSYourNextBusTests.xctest */ = {isa = PBXFileReference; explicitFileType = wrapper.cfbundle; includeInIndex = 0; path = LJSYourNextBusTests.xctest; sourceTree = BUILT_PRODUCTS_DIR; };
		A31CBF80189988D000747F46 /* XCTest.framework */ = {isa = PBXFileReference; lastKnownFileType = wrapper.framework; name = XCTest.framework; path = Library/Frameworks/XCTest.framework; sourceTree = DEVELOPER_DIR; };
		A31CBF88189988D000747F46 /* LJSYourNextBusTests-Info.plist */ = {isa = PBXFileReference; lastKnownFileType = text.plist.xml; path = "LJSYourNextBusTests-Info.plist"; sourceTree = "<group>"; };
		A31CBF8A189988D000747F46 /* en */ = {isa = PBXFileReference; lastKnownFileType = text.plist.strings; name = en; path = en.lproj/InfoPlist.strings; sourceTree = "<group>"; };
		A337FDA318C24F4B002FB29F /* LJSDepatureDateParser.h */ = {isa = PBXFileReference; fileEncoding = 4; lastKnownFileType = sourcecode.c.h; name = LJSDepatureDateParser.h; path = ../../Classes/LJSDepatureDateParser.h; sourceTree = "<group>"; };
		A337FDA418C24F4B002FB29F /* LJSDepatureDateParser.m */ = {isa = PBXFileReference; fileEncoding = 4; lastKnownFileType = sourcecode.c.objc; name = LJSDepatureDateParser.m; path = ../../Classes/LJSDepatureDateParser.m; sourceTree = "<group>"; };
		A337FDA618C3A1BE002FB29F /* LJSDepatureDateParserTests.m */ = {isa = PBXFileReference; fileEncoding = 4; lastKnownFileType = sourcecode.c.objc; path = LJSDepatureDateParserTests.m; sourceTree = "<group>"; };
		A337FDA818C3BD05002FB29F /* LJSServiceTests.m */ = {isa = PBXFileReference; fileEncoding = 4; lastKnownFileType = sourcecode.c.objc; path = LJSServiceTests.m; sourceTree = "<group>"; };
		A337FDAA18C3C7C1002FB29F /* LJSDepatureTests.m */ = {isa = PBXFileReference; fileEncoding = 4; lastKnownFileType = sourcecode.c.objc; path = LJSDepatureTests.m; sourceTree = "<group>"; };
		A3435FEC18C92747004296CB /* LJSYourNextBus-Prefix.pch */ = {isa = PBXFileReference; fileEncoding = 4; lastKnownFileType = sourcecode.c.h; path = "LJSYourNextBus-Prefix.pch"; sourceTree = "<group>"; };
		A34A1950189EB768002EEF2B /* LJSYourNextBusTests.m */ = {isa = PBXFileReference; fileEncoding = 4; lastKnownFileType = sourcecode.c.objc; path = LJSYourNextBusTests.m; sourceTree = "<group>"; };
		A34A1956189EBF86002EEF2B /* 37010071.html */ = {isa = PBXFileReference; fileEncoding = 4; lastKnownFileType = text.html; path = 37010071.html; sourceTree = "<group>"; };
		A34B1C1818CE49F800184A12 /* 37010115.html */ = {isa = PBXFileReference; fileEncoding = 4; lastKnownFileType = text.html; path = 37010115.html; sourceTree = "<group>"; };
		A3BD2753189EF72200540C5F /* LJSDepature.h */ = {isa = PBXFileReference; fileEncoding = 4; lastKnownFileType = sourcecode.c.h; name = LJSDepature.h; path = ../../Classes/LJSDepature.h; sourceTree = "<group>"; };
		A3BD2754189EF72200540C5F /* LJSDepature.m */ = {isa = PBXFileReference; fileEncoding = 4; lastKnownFileType = sourcecode.c.objc; name = LJSDepature.m; path = ../../Classes/LJSDepature.m; sourceTree = "<group>"; };
		A3BD2755189EF72200540C5F /* LJSHTMLDownloader.h */ = {isa = PBXFileReference; fileEncoding = 4; lastKnownFileType = sourcecode.c.h; name = LJSHTMLDownloader.h; path = ../../Classes/LJSHTMLDownloader.h; sourceTree = "<group>"; };
		A3BD2756189EF72200540C5F /* LJSHTMLDownloader.m */ = {isa = PBXFileReference; fileEncoding = 4; lastKnownFileType = sourcecode.c.objc; name = LJSHTMLDownloader.m; path = ../../Classes/LJSHTMLDownloader.m; sourceTree = "<group>"; };
		A3BD2757189EF72200540C5F /* LJSYourNextBusClient.h */ = {isa = PBXFileReference; fileEncoding = 4; lastKnownFileType = sourcecode.c.h; name = LJSYourNextBusClient.h; path = ../../Classes/LJSYourNextBusClient.h; sourceTree = "<group>"; };
		A3BD2758189EF72200540C5F /* LJSYourNextBusClient.m */ = {isa = PBXFileReference; fileEncoding = 4; lastKnownFileType = sourcecode.c.objc; name = LJSYourNextBusClient.m; path = ../../Classes/LJSYourNextBusClient.m; sourceTree = "<group>"; };
		A3BD2759189EF72200540C5F /* LJSScraper.h */ = {isa = PBXFileReference; fileEncoding = 4; lastKnownFileType = sourcecode.c.h; name = LJSScraper.h; path = ../../Classes/LJSScraper.h; sourceTree = "<group>"; };
		A3BD275A189EF72200540C5F /* LJSScraper.m */ = {isa = PBXFileReference; fileEncoding = 4; lastKnownFileType = sourcecode.c.objc; name = LJSScraper.m; path = ../../Classes/LJSScraper.m; sourceTree = "<group>"; };
		A3BD275B189EF72200540C5F /* LJSService.h */ = {isa = PBXFileReference; fileEncoding = 4; lastKnownFileType = sourcecode.c.h; name = LJSService.h; path = ../../Classes/LJSService.h; sourceTree = "<group>"; };
		A3BD275C189EF72200540C5F /* LJSService.m */ = {isa = PBXFileReference; fileEncoding = 4; lastKnownFileType = sourcecode.c.objc; name = LJSService.m; path = ../../Classes/LJSService.m; sourceTree = "<group>"; };
		A3BD275D189EF72200540C5F /* LJSStop.h */ = {isa = PBXFileReference; fileEncoding = 4; lastKnownFileType = sourcecode.c.h; name = LJSStop.h; path = ../../Classes/LJSStop.h; sourceTree = "<group>"; };
		A3BD275E189EF72200540C5F /* LJSStop.m */ = {isa = PBXFileReference; fileEncoding = 4; lastKnownFileType = sourcecode.c.objc; name = LJSStop.m; path = ../../Classes/LJSStop.m; sourceTree = "<group>"; };
		A3BD276F189FF46500540C5F /* LJSStopTests.m */ = {isa = PBXFileReference; fileEncoding = 4; lastKnownFileType = sourcecode.c.objc; path = LJSStopTests.m; sourceTree = "<group>"; };
		A3FE172118DE106100B8E47E /* LJSStop+LJSSetters.h */ = {isa = PBXFileReference; fileEncoding = 4; lastKnownFileType = sourcecode.c.h; path = "LJSStop+LJSSetters.h"; sourceTree = SOURCE_ROOT; };
		A3FE172418DE10AD00B8E47E /* LJSService+LJSSetters.h */ = {isa = PBXFileReference; fileEncoding = 4; lastKnownFileType = sourcecode.c.h; path = "LJSService+LJSSetters.h"; sourceTree = "<group>"; };
		A3FE172718DE111C00B8E47E /* LJSDepature+LJSSetters.h */ = {isa = PBXFileReference; fileEncoding = 4; lastKnownFileType = sourcecode.c.h; path = "LJSDepature+LJSSetters.h"; sourceTree = "<group>"; };
		D261ED41120F40D88E871BAA /* Pods-LJSYourNextBusTests.xcconfig */ = {isa = PBXFileReference; includeInIndex = 1; lastKnownFileType = text.xcconfig; name = "Pods-LJSYourNextBusTests.xcconfig"; path = "Pods/Pods-LJSYourNextBusTests.xcconfig"; sourceTree = "<group>"; };
/* End PBXFileReference section */

/* Begin PBXFrameworksBuildPhase section */
		A31CBF58189988D000747F46 /* Frameworks */ = {
			isa = PBXFrameworksBuildPhase;
			buildActionMask = 2147483647;
			files = (
				A31CBF61189988D000747F46 /* CoreGraphics.framework in Frameworks */,
				A31CBF63189988D000747F46 /* UIKit.framework in Frameworks */,
				A31CBF5F189988D000747F46 /* Foundation.framework in Frameworks */,
				7F40B5EFFAFF41E7BF60A60B /* libPods-LJSYourNextBus.a in Frameworks */,
			);
			runOnlyForDeploymentPostprocessing = 0;
		};
		A31CBF7C189988D000747F46 /* Frameworks */ = {
			isa = PBXFrameworksBuildPhase;
			buildActionMask = 2147483647;
			files = (
				A31CBF81189988D000747F46 /* XCTest.framework in Frameworks */,
				A31CBF83189988D000747F46 /* UIKit.framework in Frameworks */,
				A31CBF82189988D000747F46 /* Foundation.framework in Frameworks */,
				0CDEA90459E7449CB8338392 /* libPods-LJSYourNextBusTests.a in Frameworks */,
			);
			runOnlyForDeploymentPostprocessing = 0;
		};
/* End PBXFrameworksBuildPhase section */

/* Begin PBXGroup section */
		A31CBF52189988D000747F46 = {
			isa = PBXGroup;
			children = (
				A31CBF64189988D000747F46 /* LJSYourNextBus */,
				A31CBF86189988D000747F46 /* LJSYourNextBusTests */,
				A31CBF5D189988D000747F46 /* Frameworks */,
				A31CBF5C189988D000747F46 /* Products */,
				9D3C9105FFD54543B20B4913 /* Pods-LJSYourNextBus.xcconfig */,
				D261ED41120F40D88E871BAA /* Pods-LJSYourNextBusTests.xcconfig */,
			);
			sourceTree = "<group>";
		};
		A31CBF5C189988D000747F46 /* Products */ = {
			isa = PBXGroup;
			children = (
				A31CBF5B189988D000747F46 /* LJSYourNextBus.app */,
				A31CBF7F189988D000747F46 /* LJSYourNextBusTests.xctest */,
			);
			name = Products;
			sourceTree = "<group>";
		};
		A31CBF5D189988D000747F46 /* Frameworks */ = {
			isa = PBXGroup;
			children = (
				A31CBF5E189988D000747F46 /* Foundation.framework */,
				A31CBF60189988D000747F46 /* CoreGraphics.framework */,
				A31CBF62189988D000747F46 /* UIKit.framework */,
				A31CBF80189988D000747F46 /* XCTest.framework */,
				8DD8126FA3B54D25AE88E27F /* libPods-LJSYourNextBus.a */,
				7FD060CB0EF341FBA8373B81 /* libPods-LJSYourNextBusTests.a */,
			);
			name = Frameworks;
			sourceTree = "<group>";
		};
		A31CBF64189988D000747F46 /* LJSYourNextBus */ = {
			isa = PBXGroup;
			children = (
				A3BD2757189EF72200540C5F /* LJSYourNextBusClient.h */,
				A3BD2758189EF72200540C5F /* LJSYourNextBusClient.m */,
				A3BD2755189EF72200540C5F /* LJSHTMLDownloader.h */,
				A3BD2756189EF72200540C5F /* LJSHTMLDownloader.m */,
				A3BD2759189EF72200540C5F /* LJSScraper.h */,
				A3BD275A189EF72200540C5F /* LJSScraper.m */,
				A337FDA318C24F4B002FB29F /* LJSDepatureDateParser.h */,
				A337FDA418C24F4B002FB29F /* LJSDepatureDateParser.m */,
				A3BD2765189EFA3C00540C5F /* Model */,
				A3BD276B189F107200540C5F /* Model Setters */,
				A3BD2752189EF71400540C5F /* App */,
				A31CBF65189988D000747F46 /* Supporting Files */,
			);
			path = LJSYourNextBus;
			sourceTree = "<group>";
		};
		A31CBF65189988D000747F46 /* Supporting Files */ = {
			isa = PBXGroup;
			children = (
				A31CBF66189988D000747F46 /* LJSYourNextBus-Info.plist */,
				A31CBF67189988D000747F46 /* InfoPlist.strings */,
				A31CBF6A189988D000747F46 /* main.m */,
				A3435FEC18C92747004296CB /* LJSYourNextBus-Prefix.pch */,
			);
			name = "Supporting Files";
			sourceTree = "<group>";
		};
		A31CBF86189988D000747F46 /* LJSYourNextBusTests */ = {
			isa = PBXGroup;
			children = (
				A34A1954189EBF5D002EEF2B /* Tests */,
				A34A1955189EBF62002EEF2B /* Data */,
				A31CBF87189988D000747F46 /* Supporting Files */,
			);
			path = LJSYourNextBusTests;
			sourceTree = "<group>";
		};
		A31CBF87189988D000747F46 /* Supporting Files */ = {
			isa = PBXGroup;
			children = (
				A31CBF88189988D000747F46 /* LJSYourNextBusTests-Info.plist */,
				A31CBF89189988D000747F46 /* InfoPlist.strings */,
			);
			name = "Supporting Files";
			sourceTree = "<group>";
		};
		A34A1954189EBF5D002EEF2B /* Tests */ = {
			isa = PBXGroup;
			children = (
				A34A1950189EB768002EEF2B /* LJSYourNextBusTests.m */,
				A337FDA618C3A1BE002FB29F /* LJSDepatureDateParserTests.m */,
				A3BD276F189FF46500540C5F /* LJSStopTests.m */,
				A337FDA818C3BD05002FB29F /* LJSServiceTests.m */,
				A337FDAA18C3C7C1002FB29F /* LJSDepatureTests.m */,
			);
			name = Tests;
			sourceTree = "<group>";
		};
		A34A1955189EBF62002EEF2B /* Data */ = {
			isa = PBXGroup;
			children = (
				A34B1C1818CE49F800184A12 /* 37010115.html */,
				A34A1956189EBF86002EEF2B /* 37010071.html */,
			);
			name = Data;
			sourceTree = "<group>";
		};
		A3BD2752189EF71400540C5F /* App */ = {
			isa = PBXGroup;
			children = (
				A31CBF6D189988D000747F46 /* LJSAppDelegate.h */,
				A31CBF6E189988D000747F46 /* LJSAppDelegate.m */,
				A31CBF70189988D000747F46 /* Main_iPhone.storyboard */,
				A31CBF73189988D000747F46 /* Main_iPad.storyboard */,
				A31CBF76189988D000747F46 /* LJSViewController.h */,
				A31CBF77189988D000747F46 /* LJSViewController.m */,
				A31CBF79189988D000747F46 /* Images.xcassets */,
			);
			name = App;
			sourceTree = "<group>";
		};
		A3BD2765189EFA3C00540C5F /* Model */ = {
			isa = PBXGroup;
			children = (
				A3BD2753189EF72200540C5F /* LJSDepature.h */,
				A3BD2754189EF72200540C5F /* LJSDepature.m */,
				A3BD275B189EF72200540C5F /* LJSService.h */,
				A3BD275C189EF72200540C5F /* LJSService.m */,
				A3BD275D189EF72200540C5F /* LJSStop.h */,
				A3BD275E189EF72200540C5F /* LJSStop.m */,
			);
			name = Model;
			sourceTree = "<group>";
		};
		A3BD276B189F107200540C5F /* Model Setters */ = {
			isa = PBXGroup;
			children = (
				A3FE172118DE106100B8E47E /* LJSStop+LJSSetters.h */,
				A3FE172418DE10AD00B8E47E /* LJSService+LJSSetters.h */,
				A3FE172718DE111C00B8E47E /* LJSDepature+LJSSetters.h */,
			);
			name = "Model Setters";
			sourceTree = "<group>";
		};
/* End PBXGroup section */

/* Begin PBXNativeTarget section */
		A31CBF5A189988D000747F46 /* LJSYourNextBus */ = {
			isa = PBXNativeTarget;
			buildConfigurationList = A31CBF90189988D000747F46 /* Build configuration list for PBXNativeTarget "LJSYourNextBus" */;
			buildPhases = (
				D1BBA40A561E4D2F8B83CCC4 /* Check Pods Manifest.lock */,
				A31CBF57189988D000747F46 /* Sources */,
				A31CBF58189988D000747F46 /* Frameworks */,
				A31CBF59189988D000747F46 /* Resources */,
				BE29CCF033AB4082B4F14603 /* Copy Pods Resources */,
			);
			buildRules = (
			);
			dependencies = (
			);
			name = LJSYourNextBus;
			productName = LJSYourNextBus;
			productReference = A31CBF5B189988D000747F46 /* LJSYourNextBus.app */;
			productType = "com.apple.product-type.application";
		};
		A31CBF7E189988D000747F46 /* LJSYourNextBusTests */ = {
			isa = PBXNativeTarget;
			buildConfigurationList = A31CBF93189988D000747F46 /* Build configuration list for PBXNativeTarget "LJSYourNextBusTests" */;
			buildPhases = (
				4C91541B546949119B3FC147 /* Check Pods Manifest.lock */,
				A31CBF7B189988D000747F46 /* Sources */,
				A31CBF7C189988D000747F46 /* Frameworks */,
				A31CBF7D189988D000747F46 /* Resources */,
				F461F5D1226A47F0A4B0DE8D /* Copy Pods Resources */,
			);
			buildRules = (
			);
			dependencies = (
				A31CBF85189988D000747F46 /* PBXTargetDependency */,
			);
			name = LJSYourNextBusTests;
			productName = LJSYourNextBusTests;
			productReference = A31CBF7F189988D000747F46 /* LJSYourNextBusTests.xctest */;
			productType = "com.apple.product-type.bundle.unit-test";
		};
/* End PBXNativeTarget section */

/* Begin PBXProject section */
		A31CBF53189988D000747F46 /* Project object */ = {
			isa = PBXProject;
			attributes = {
				CLASSPREFIX = LJS;
				LastUpgradeCheck = 0500;
				ORGANIZATIONNAME = "Luke Stringer";
				TargetAttributes = {
					A31CBF7E189988D000747F46 = {
						TestTargetID = A31CBF5A189988D000747F46;
					};
				};
			};
			buildConfigurationList = A31CBF56189988D000747F46 /* Build configuration list for PBXProject "LJSYourNextBus" */;
			compatibilityVersion = "Xcode 3.2";
			developmentRegion = English;
			hasScannedForEncodings = 0;
			knownRegions = (
				en,
				Base,
			);
			mainGroup = A31CBF52189988D000747F46;
			productRefGroup = A31CBF5C189988D000747F46 /* Products */;
			projectDirPath = "";
			projectRoot = "";
			targets = (
				A31CBF5A189988D000747F46 /* LJSYourNextBus */,
				A31CBF7E189988D000747F46 /* LJSYourNextBusTests */,
			);
		};
/* End PBXProject section */

/* Begin PBXResourcesBuildPhase section */
		A31CBF59189988D000747F46 /* Resources */ = {
			isa = PBXResourcesBuildPhase;
			buildActionMask = 2147483647;
			files = (
				A31CBF75189988D000747F46 /* Main_iPad.storyboard in Resources */,
				A31CBF7A189988D000747F46 /* Images.xcassets in Resources */,
				A31CBF72189988D000747F46 /* Main_iPhone.storyboard in Resources */,
				A31CBF69189988D000747F46 /* InfoPlist.strings in Resources */,
			);
			runOnlyForDeploymentPostprocessing = 0;
		};
		A31CBF7D189988D000747F46 /* Resources */ = {
			isa = PBXResourcesBuildPhase;
			buildActionMask = 2147483647;
			files = (
				A31CBF8B189988D000747F46 /* InfoPlist.strings in Resources */,
				A34B1C1918CE49F800184A12 /* 37010115.html in Resources */,
				A34A1957189EBF86002EEF2B /* 37010071.html in Resources */,
			);
			runOnlyForDeploymentPostprocessing = 0;
		};
/* End PBXResourcesBuildPhase section */

/* Begin PBXShellScriptBuildPhase section */
		4C91541B546949119B3FC147 /* Check Pods Manifest.lock */ = {
			isa = PBXShellScriptBuildPhase;
			buildActionMask = 2147483647;
			files = (
			);
			inputPaths = (
			);
			name = "Check Pods Manifest.lock";
			outputPaths = (
			);
			runOnlyForDeploymentPostprocessing = 0;
			shellPath = /bin/sh;
			shellScript = "diff \"${PODS_ROOT}/../Podfile.lock\" \"${PODS_ROOT}/Manifest.lock\" > /dev/null\nif [[ $? != 0 ]] ; then\n    cat << EOM\nerror: The sandbox is not in sync with the Podfile.lock. Run 'pod install' or update your CocoaPods installation.\nEOM\n    exit 1\nfi\n";
			showEnvVarsInLog = 0;
		};
		BE29CCF033AB4082B4F14603 /* Copy Pods Resources */ = {
			isa = PBXShellScriptBuildPhase;
			buildActionMask = 2147483647;
			files = (
			);
			inputPaths = (
			);
			name = "Copy Pods Resources";
			outputPaths = (
			);
			runOnlyForDeploymentPostprocessing = 0;
			shellPath = /bin/sh;
			shellScript = "\"${SRCROOT}/Pods/Pods-LJSYourNextBus-resources.sh\"\n";
			showEnvVarsInLog = 0;
		};
		D1BBA40A561E4D2F8B83CCC4 /* Check Pods Manifest.lock */ = {
			isa = PBXShellScriptBuildPhase;
			buildActionMask = 2147483647;
			files = (
			);
			inputPaths = (
			);
			name = "Check Pods Manifest.lock";
			outputPaths = (
			);
			runOnlyForDeploymentPostprocessing = 0;
			shellPath = /bin/sh;
			shellScript = "diff \"${PODS_ROOT}/../Podfile.lock\" \"${PODS_ROOT}/Manifest.lock\" > /dev/null\nif [[ $? != 0 ]] ; then\n    cat << EOM\nerror: The sandbox is not in sync with the Podfile.lock. Run 'pod install' or update your CocoaPods installation.\nEOM\n    exit 1\nfi\n";
			showEnvVarsInLog = 0;
		};
		F461F5D1226A47F0A4B0DE8D /* Copy Pods Resources */ = {
			isa = PBXShellScriptBuildPhase;
			buildActionMask = 2147483647;
			files = (
			);
			inputPaths = (
			);
			name = "Copy Pods Resources";
			outputPaths = (
			);
			runOnlyForDeploymentPostprocessing = 0;
			shellPath = /bin/sh;
			shellScript = "\"${SRCROOT}/Pods/Pods-LJSYourNextBusTests-resources.sh\"\n";
			showEnvVarsInLog = 0;
		};
/* End PBXShellScriptBuildPhase section */

/* Begin PBXSourcesBuildPhase section */
		A31CBF57189988D000747F46 /* Sources */ = {
			isa = PBXSourcesBuildPhase;
			buildActionMask = 2147483647;
			files = (
				A31CBF6F189988D000747F46 /* LJSAppDelegate.m in Sources */,
				A3BD2763189EF72200540C5F /* LJSService.m in Sources */,
				A31CBF78189988D000747F46 /* LJSViewController.m in Sources */,
				A3BD2760189EF72200540C5F /* LJSHTMLDownloader.m in Sources */,
				A3BD2762189EF72200540C5F /* LJSScraper.m in Sources */,
				A337FDA518C24F4B002FB29F /* LJSDepatureDateParser.m in Sources */,
				A31CBF6B189988D000747F46 /* main.m in Sources */,
				A3BD275F189EF72200540C5F /* LJSDepature.m in Sources */,
				A3BD2764189EF72200540C5F /* LJSStop.m in Sources */,
				A3BD2761189EF72200540C5F /* LJSYourNextBusClient.m in Sources */,
			);
			runOnlyForDeploymentPostprocessing = 0;
		};
		A31CBF7B189988D000747F46 /* Sources */ = {
			isa = PBXSourcesBuildPhase;
			buildActionMask = 2147483647;
			files = (
				A337FDA718C3A1BE002FB29F /* LJSDepatureDateParserTests.m in Sources */,
				A337FDA918C3BD05002FB29F /* LJSServiceTests.m in Sources */,
				A337FDAB18C3C7C1002FB29F /* LJSDepatureTests.m in Sources */,
				A34A1951189EB768002EEF2B /* LJSYourNextBusTests.m in Sources */,
				A3BD2770189FF46500540C5F /* LJSStopTests.m in Sources */,
			);
			runOnlyForDeploymentPostprocessing = 0;
		};
/* End PBXSourcesBuildPhase section */

/* Begin PBXTargetDependency section */
		A31CBF85189988D000747F46 /* PBXTargetDependency */ = {
			isa = PBXTargetDependency;
			target = A31CBF5A189988D000747F46 /* LJSYourNextBus */;
			targetProxy = A31CBF84189988D000747F46 /* PBXContainerItemProxy */;
		};
/* End PBXTargetDependency section */

/* Begin PBXVariantGroup section */
		A31CBF67189988D000747F46 /* InfoPlist.strings */ = {
			isa = PBXVariantGroup;
			children = (
				A31CBF68189988D000747F46 /* en */,
			);
			name = InfoPlist.strings;
			sourceTree = "<group>";
		};
		A31CBF70189988D000747F46 /* Main_iPhone.storyboard */ = {
			isa = PBXVariantGroup;
			children = (
				A31CBF71189988D000747F46 /* Base */,
			);
			name = Main_iPhone.storyboard;
			sourceTree = "<group>";
		};
		A31CBF73189988D000747F46 /* Main_iPad.storyboard */ = {
			isa = PBXVariantGroup;
			children = (
				A31CBF74189988D000747F46 /* Base */,
			);
			name = Main_iPad.storyboard;
			sourceTree = "<group>";
		};
		A31CBF89189988D000747F46 /* InfoPlist.strings */ = {
			isa = PBXVariantGroup;
			children = (
				A31CBF8A189988D000747F46 /* en */,
			);
			name = InfoPlist.strings;
			sourceTree = "<group>";
		};
/* End PBXVariantGroup section */

/* Begin XCBuildConfiguration section */
		A31CBF8E189988D000747F46 /* Debug */ = {
			isa = XCBuildConfiguration;
			buildSettings = {
				ALWAYS_SEARCH_USER_PATHS = NO;
				ARCHS = "$(ARCHS_STANDARD_INCLUDING_64_BIT)";
				CLANG_CXX_LANGUAGE_STANDARD = "gnu++0x";
				CLANG_CXX_LIBRARY = "libc++";
				CLANG_ENABLE_MODULES = YES;
				CLANG_ENABLE_OBJC_ARC = YES;
				CLANG_WARN_BOOL_CONVERSION = YES;
				CLANG_WARN_CONSTANT_CONVERSION = YES;
				CLANG_WARN_DIRECT_OBJC_ISA_USAGE = YES_ERROR;
				CLANG_WARN_EMPTY_BODY = YES;
				CLANG_WARN_ENUM_CONVERSION = YES;
				CLANG_WARN_INT_CONVERSION = YES;
				CLANG_WARN_OBJC_ROOT_CLASS = YES_ERROR;
				CLANG_WARN__DUPLICATE_METHOD_MATCH = YES;
				"CODE_SIGN_IDENTITY[sdk=iphoneos*]" = "iPhone Developer";
				COPY_PHASE_STRIP = NO;
				GCC_C_LANGUAGE_STANDARD = gnu99;
				GCC_DYNAMIC_NO_PIC = NO;
				GCC_OPTIMIZATION_LEVEL = 0;
				GCC_PREPROCESSOR_DEFINITIONS = (
					"DEBUG=1",
					"$(inherited)",
				);
				GCC_SYMBOLS_PRIVATE_EXTERN = NO;
				GCC_WARN_64_TO_32_BIT_CONVERSION = YES;
				GCC_WARN_ABOUT_RETURN_TYPE = YES_ERROR;
				GCC_WARN_UNDECLARED_SELECTOR = YES;
				GCC_WARN_UNINITIALIZED_AUTOS = YES;
				GCC_WARN_UNUSED_FUNCTION = YES;
				GCC_WARN_UNUSED_VARIABLE = YES;
				IPHONEOS_DEPLOYMENT_TARGET = 7.0;
				ONLY_ACTIVE_ARCH = YES;
				SDKROOT = iphoneos;
				TARGETED_DEVICE_FAMILY = "1,2";
			};
			name = Debug;
		};
		A31CBF8F189988D000747F46 /* Release */ = {
			isa = XCBuildConfiguration;
			buildSettings = {
				ALWAYS_SEARCH_USER_PATHS = NO;
				ARCHS = "$(ARCHS_STANDARD_INCLUDING_64_BIT)";
				CLANG_CXX_LANGUAGE_STANDARD = "gnu++0x";
				CLANG_CXX_LIBRARY = "libc++";
				CLANG_ENABLE_MODULES = YES;
				CLANG_ENABLE_OBJC_ARC = YES;
				CLANG_WARN_BOOL_CONVERSION = YES;
				CLANG_WARN_CONSTANT_CONVERSION = YES;
				CLANG_WARN_DIRECT_OBJC_ISA_USAGE = YES_ERROR;
				CLANG_WARN_EMPTY_BODY = YES;
				CLANG_WARN_ENUM_CONVERSION = YES;
				CLANG_WARN_INT_CONVERSION = YES;
				CLANG_WARN_OBJC_ROOT_CLASS = YES_ERROR;
				CLANG_WARN__DUPLICATE_METHOD_MATCH = YES;
				"CODE_SIGN_IDENTITY[sdk=iphoneos*]" = "iPhone Developer";
				COPY_PHASE_STRIP = YES;
				ENABLE_NS_ASSERTIONS = NO;
				GCC_C_LANGUAGE_STANDARD = gnu99;
				GCC_WARN_64_TO_32_BIT_CONVERSION = YES;
				GCC_WARN_ABOUT_RETURN_TYPE = YES_ERROR;
				GCC_WARN_UNDECLARED_SELECTOR = YES;
				GCC_WARN_UNINITIALIZED_AUTOS = YES;
				GCC_WARN_UNUSED_FUNCTION = YES;
				GCC_WARN_UNUSED_VARIABLE = YES;
				IPHONEOS_DEPLOYMENT_TARGET = 7.0;
				SDKROOT = iphoneos;
				TARGETED_DEVICE_FAMILY = "1,2";
				VALIDATE_PRODUCT = YES;
			};
			name = Release;
		};
		A31CBF91189988D000747F46 /* Debug */ = {
			isa = XCBuildConfiguration;
			baseConfigurationReference = 9D3C9105FFD54543B20B4913 /* Pods-LJSYourNextBus.xcconfig */;
			buildSettings = {
				ASSETCATALOG_COMPILER_APPICON_NAME = AppIcon;
				ASSETCATALOG_COMPILER_LAUNCHIMAGE_NAME = LaunchImage;
				GCC_PRECOMPILE_PREFIX_HEADER = YES;
				GCC_PREFIX_HEADER = "LJSYourNextBus/LJSYourNextBus-Prefix.pch";
				INFOPLIST_FILE = "LJSYourNextBus/LJSYourNextBus-Info.plist";
				PRODUCT_NAME = LJSYourNextBus;
				WRAPPER_EXTENSION = app;
			};
			name = Debug;
		};
		A31CBF92189988D000747F46 /* Release */ = {
			isa = XCBuildConfiguration;
			baseConfigurationReference = 9D3C9105FFD54543B20B4913 /* Pods-LJSYourNextBus.xcconfig */;
			buildSettings = {
				ASSETCATALOG_COMPILER_APPICON_NAME = AppIcon;
				ASSETCATALOG_COMPILER_LAUNCHIMAGE_NAME = LaunchImage;
				GCC_PRECOMPILE_PREFIX_HEADER = YES;
				GCC_PREFIX_HEADER = "LJSYourNextBus/LJSYourNextBus-Prefix.pch";
				INFOPLIST_FILE = "LJSYourNextBus/LJSYourNextBus-Info.plist";
				PRODUCT_NAME = LJSYourNextBus;
				WRAPPER_EXTENSION = app;
			};
			name = Release;
		};
		A31CBF94189988D000747F46 /* Debug */ = {
			isa = XCBuildConfiguration;
			baseConfigurationReference = D261ED41120F40D88E871BAA /* Pods-LJSYourNextBusTests.xcconfig */;
			buildSettings = {
				ARCHS = "$(ARCHS_STANDARD_INCLUDING_64_BIT)";
				BUNDLE_LOADER = "$(BUILT_PRODUCTS_DIR)/LJSYourNextBus.app/LJSYourNextBus";
				FRAMEWORK_SEARCH_PATHS = (
					"$(SDKROOT)/Developer/Library/Frameworks",
					"$(inherited)",
					"$(DEVELOPER_FRAMEWORKS_DIR)",
				);
				GCC_PRECOMPILE_PREFIX_HEADER = YES;
				GCC_PREFIX_HEADER = "LJSYourNextBus/LJSYourNextBus-Prefix.pch";
				GCC_PREPROCESSOR_DEFINITIONS = (
					"DEBUG=1",
					"$(inherited)",
				);
				INFOPLIST_FILE = "LJSYourNextBusTests/LJSYourNextBusTests-Info.plist";
				PRODUCT_NAME = LJSYourNextBusTests;
				TEST_HOST = "$(BUNDLE_LOADER)";
				WRAPPER_EXTENSION = xctest;
			};
			name = Debug;
		};
		A31CBF95189988D000747F46 /* Release */ = {
			isa = XCBuildConfiguration;
			baseConfigurationReference = D261ED41120F40D88E871BAA /* Pods-LJSYourNextBusTests.xcconfig */;
			buildSettings = {
				ARCHS = "$(ARCHS_STANDARD_INCLUDING_64_BIT)";
				BUNDLE_LOADER = "$(BUILT_PRODUCTS_DIR)/LJSYourNextBus.app/LJSYourNextBus";
				FRAMEWORK_SEARCH_PATHS = (
					"$(SDKROOT)/Developer/Library/Frameworks",
					"$(inherited)",
					"$(DEVELOPER_FRAMEWORKS_DIR)",
				);
				GCC_PRECOMPILE_PREFIX_HEADER = YES;
				GCC_PREFIX_HEADER = "LJSYourNextBus/LJSYourNextBus-Prefix.pch";
				INFOPLIST_FILE = "LJSYourNextBusTests/LJSYourNextBusTests-Info.plist";
				PRODUCT_NAME = LJSYourNextBusTests;
				TEST_HOST = "$(BUNDLE_LOADER)";
				WRAPPER_EXTENSION = xctest;
			};
			name = Release;
		};
/* End XCBuildConfiguration section */

/* Begin XCConfigurationList section */
		A31CBF56189988D000747F46 /* Build configuration list for PBXProject "LJSYourNextBus" */ = {
			isa = XCConfigurationList;
			buildConfigurations = (
				A31CBF8E189988D000747F46 /* Debug */,
				A31CBF8F189988D000747F46 /* Release */,
			);
			defaultConfigurationIsVisible = 0;
			defaultConfigurationName = Release;
		};
		A31CBF90189988D000747F46 /* Build configuration list for PBXNativeTarget "LJSYourNextBus" */ = {
			isa = XCConfigurationList;
			buildConfigurations = (
				A31CBF91189988D000747F46 /* Debug */,
				A31CBF92189988D000747F46 /* Release */,
			);
			defaultConfigurationIsVisible = 0;
			defaultConfigurationName = Release;
		};
		A31CBF93189988D000747F46 /* Build configuration list for PBXNativeTarget "LJSYourNextBusTests" */ = {
			isa = XCConfigurationList;
			buildConfigurations = (
				A31CBF94189988D000747F46 /* Debug */,
				A31CBF95189988D000747F46 /* Release */,
			);
			defaultConfigurationIsVisible = 0;
			defaultConfigurationName = Release;
		};
/* End XCConfigurationList section */
	};
	rootObject = A31CBF53189988D000747F46 /* Project object */;
}
